
Microsoft Visual Studio Solution File, Format Version 12.00
# Visual Studio Version 17
VisualStudioVersion = 17.14.36221.1 d17.14
MinimumVisualStudioVersion = 10.0.40219.1
Project("{FAE04EC0-301F-11D3-BF4B-00C04F79EFBC}") = "TextRpg", "TextRpg\TextRpg.csproj", "{68700BCE-B22F-493D-ABFD-B6AF84C1A606}"
EndProject
Global
	GlobalSection(SolutionConfigurationPlatforms) = preSolution
		Debug|Any CPU = Debug|Any CPU
		Release|Any CPU = Release|Any CPU
	EndGlobalSection
	GlobalSection(ProjectConfigurationPlatforms) = postSolution
		{68700BCE-B22F-493D-ABFD-B6AF84C1A606}.Debug|Any CPU.ActiveCfg = Debug|Any CPU
		{68700BCE-B22F-493D-ABFD-B6AF84C1A606}.Debug|Any CPU.Build.0 = Debug|Any CPU
		{68700BCE-B22F-493D-ABFD-B6AF84C1A606}.Release|Any CPU.ActiveCfg = Release|Any CPU
		{68700BCE-B22F-493D-ABFD-B6AF84C1A606}.Release|Any CPU.Build.0 = Release|Any CPU
	EndGlobalSection
	GlobalSection(SolutionProperties) = preSolution
		HideSolutionNode = FALSE
	EndGlobalSection
	GlobalSection(ExtensibilityGlobals) = postSolution
		SolutionGuid = {429F0305-B165-4C9A-B495-EBBD412951A8}
	EndGlobalSection
EndGlobal
